
Microsoft Visual Studio Solution File, Format Version 12.00
# Visual Studio Version 17
VisualStudioVersion = 17.9.34701.34
MinimumVisualStudioVersion = 10.0.40219.1
Project("{FAE04EC0-301F-11D3-BF4B-00C04F79EFBC}") = "Shedule.Domain", "Shedule.Domain\Shedule.Domain.csproj", "{6375E74D-BA21-4BB6-809F-D797706CD027}"
EndProject
Project("{FAE04EC0-301F-11D3-BF4B-00C04F79EFBC}") = "Shedule.Infrastructure", "Shedule.Infrastructure\Shedule.Infrastructure.csproj", "{8A5EC710-12A5-4915-B4D0-FDDEBDC4CA92}"
EndProject
Project("{FAE04EC0-301F-11D3-BF4B-00C04F79EFBC}") = "Shedule.API", "Shedule.API\Shedule.API.csproj", "{17C3E917-CF30-4ED4-814D-B26012538FDD}"
EndProject
Global
	GlobalSection(SolutionConfigurationPlatforms) = preSolution
		Debug|Any CPU = Debug|Any CPU
		Release|Any CPU = Release|Any CPU
	EndGlobalSection
	GlobalSection(ProjectConfigurationPlatforms) = postSolution
		{6375E74D-BA21-4BB6-809F-D797706CD027}.Debug|Any CPU.ActiveCfg = Debug|Any CPU
		{6375E74D-BA21-4BB6-809F-D797706CD027}.Debug|Any CPU.Build.0 = Debug|Any CPU
		{6375E74D-BA21-4BB6-809F-D797706CD027}.Release|Any CPU.ActiveCfg = Release|Any CPU
		{6375E74D-BA21-4BB6-809F-D797706CD027}.Release|Any CPU.Build.0 = Release|Any CPU
		{8A5EC710-12A5-4915-B4D0-FDDEBDC4CA92}.Debug|Any CPU.ActiveCfg = Debug|Any CPU
		{8A5EC710-12A5-4915-B4D0-FDDEBDC4CA92}.Debug|Any CPU.Build.0 = Debug|Any CPU
		{8A5EC710-12A5-4915-B4D0-FDDEBDC4CA92}.Release|Any CPU.ActiveCfg = Release|Any CPU
		{8A5EC710-12A5-4915-B4D0-FDDEBDC4CA92}.Release|Any CPU.Build.0 = Release|Any CPU
		{17C3E917-CF30-4ED4-814D-B26012538FDD}.Debug|Any CPU.ActiveCfg = Debug|Any CPU
		{17C3E917-CF30-4ED4-814D-B26012538FDD}.Debug|Any CPU.Build.0 = Debug|Any CPU
		{17C3E917-CF30-4ED4-814D-B26012538FDD}.Release|Any CPU.ActiveCfg = Release|Any CPU
		{17C3E917-CF30-4ED4-814D-B26012538FDD}.Release|Any CPU.Build.0 = Release|Any CPU
	EndGlobalSection
	GlobalSection(SolutionProperties) = preSolution
		HideSolutionNode = FALSE
	EndGlobalSection
	GlobalSection(ExtensibilityGlobals) = postSolution
		SolutionGuid = {973FCE1B-0309-4194-A9F4-8784589108DC}
	EndGlobalSection
EndGlobal
